
Microsoft Visual Studio Solution File, Format Version 12.00
# Visual Studio Version 17
VisualStudioVersion = 17.4.33122.133
MinimumVisualStudioVersion = 10.0.40219.1
Project("{FAE04EC0-301F-11D3-BF4B-00C04F79EFBC}") = "NZWalks.API", "NZWalks.API\NZWalks.API.csproj", "{F2CB95B3-C539-40D8-9670-8ACDD9E2029B}"
EndProject
Global
	GlobalSection(SolutionConfigurationPlatforms) = preSolution
		Debug|Any CPU = Debug|Any CPU
		Release|Any CPU = Release|Any CPU
	EndGlobalSection
	GlobalSection(ProjectConfigurationPlatforms) = postSolution
		{F2CB95B3-C539-40D8-9670-8ACDD9E2029B}.Debug|Any CPU.ActiveCfg = Debug|Any CPU
		{F2CB95B3-C539-40D8-9670-8ACDD9E2029B}.Debug|Any CPU.Build.0 = Debug|Any CPU
		{F2CB95B3-C539-40D8-9670-8ACDD9E2029B}.Release|Any CPU.ActiveCfg = Release|Any CPU
		{F2CB95B3-C539-40D8-9670-8ACDD9E2029B}.Release|Any CPU.Build.0 = Release|Any CPU
	EndGlobalSection
	GlobalSection(SolutionProperties) = preSolution
		HideSolutionNode = FALSE
	EndGlobalSection
	GlobalSection(ExtensibilityGlobals) = postSolution
		SolutionGuid = {38B22B1C-FB7D-4831-92C3-AF70C580E4E6}
	EndGlobalSection
EndGlobal
